// !$*UTF8*$!
{
	archiveVersion = 1;
	classes = {
	};
	objectVersion = 46;
	objects = {

/* Begin PBXBuildFile section */
		AE2447591DE9F693001561F7 /* RestaurantListViewController.swift in Sources */ = {isa = PBXBuildFile; fileRef = AE2447581DE9F693001561F7 /* RestaurantListViewController.swift */; };
		AE24475B1DE9F71F001561F7 /* SearchViewController.swift in Sources */ = {isa = PBXBuildFile; fileRef = AE24475A1DE9F71F001561F7 /* SearchViewController.swift */; };
		AE24475D1DE9F98F001561F7 /* RestaurantSummaryCell.xib in Resources */ = {isa = PBXBuildFile; fileRef = AE24475C1DE9F98F001561F7 /* RestaurantSummaryCell.xib */; };
		AE2447611DE9FEC1001561F7 /* yelp-2c.png in Resources */ = {isa = PBXBuildFile; fileRef = AE2447601DE9FEC1001561F7 /* yelp-2c.png */; };
		AE2447651DEA048D001561F7 /* RestaurantSummaryTableViewCell.swift in Sources */ = {isa = PBXBuildFile; fileRef = AE2447641DEA048D001561F7 /* RestaurantSummaryTableViewCell.swift */; };
		AE24476E1DEA08A4001561F7 /* YelpInterface.swift in Sources */ = {isa = PBXBuildFile; fileRef = AE24476D1DEA08A4001561F7 /* YelpInterface.swift */; };
		AE2447701DEA2A05001561F7 /* YelpCategory.swift in Sources */ = {isa = PBXBuildFile; fileRef = AE24476F1DEA2A05001561F7 /* YelpCategory.swift */; };
		AE9A79091E05D1FF00E9E4A5 /* RestaurantDetailsViewController.swift in Sources */ = {isa = PBXBuildFile; fileRef = AE9A79081E05D1FF00E9E4A5 /* RestaurantDetailsViewController.swift */; };
		AE9A790B1E05D89D00E9E4A5 /* YelpRating.swift in Sources */ = {isa = PBXBuildFile; fileRef = AE9A790A1E05D89D00E9E4A5 /* YelpRating.swift */; };
		AE9F04ED1E06103800DE6F1E /* UserRating.swift in Sources */ = {isa = PBXBuildFile; fileRef = AE9F04EC1E06103800DE6F1E /* UserRating.swift */; };
		AE9FE6991DE2584900A74DD8 /* AppDelegate.swift in Sources */ = {isa = PBXBuildFile; fileRef = AE9FE6981DE2584900A74DD8 /* AppDelegate.swift */; };
		AE9FE69E1DE2584900A74DD8 /* Main.storyboard in Resources */ = {isa = PBXBuildFile; fileRef = AE9FE69C1DE2584900A74DD8 /* Main.storyboard */; };
		AE9FE6A01DE2584900A74DD8 /* Assets.xcassets in Resources */ = {isa = PBXBuildFile; fileRef = AE9FE69F1DE2584900A74DD8 /* Assets.xcassets */; };
		AE9FE6AB1DE2592000A74DD8 /* NetworkingProtocol.swift in Sources */ = {isa = PBXBuildFile; fileRef = AE9FE6AA1DE2592000A74DD8 /* NetworkingProtocol.swift */; };
		AE9FE6AD1DE25EBE00A74DD8 /* YelpService.swift in Sources */ = {isa = PBXBuildFile; fileRef = AE9FE6AC1DE25EBE00A74DD8 /* YelpService.swift */; };
		AE9FE6B21DE26FA900A74DD8 /* ErrorEnum.swift in Sources */ = {isa = PBXBuildFile; fileRef = AE9FE6B11DE26FA900A74DD8 /* ErrorEnum.swift */; };
		AE9FE6B41DE2724400A74DD8 /* YelpToken.swift in Sources */ = {isa = PBXBuildFile; fileRef = AE9FE6B31DE2724400A74DD8 /* YelpToken.swift */; };
		AE9FE6B61DE8BB4A00A74DD8 /* CoreDataStack.swift in Sources */ = {isa = PBXBuildFile; fileRef = AE9FE6B51DE8BB4A00A74DD8 /* CoreDataStack.swift */; };
		AE9FE6B91DE8BBD900A74DD8 /* Model.xcdatamodeld in Sources */ = {isa = PBXBuildFile; fileRef = AE9FE6B71DE8BBD900A74DD8 /* Model.xcdatamodeld */; };
		AE9FE6BB1DE8C41D00A74DD8 /* Location.swift in Sources */ = {isa = PBXBuildFile; fileRef = AE9FE6BA1DE8C41D00A74DD8 /* Location.swift */; };
		AE9FE6BD1DE8D09F00A74DD8 /* Category.swift in Sources */ = {isa = PBXBuildFile; fileRef = AE9FE6BC1DE8D09F00A74DD8 /* Category.swift */; };
		AE9FE6BF1DE8D15D00A74DD8 /* Business.swift in Sources */ = {isa = PBXBuildFile; fileRef = AE9FE6BE1DE8D15D00A74DD8 /* Business.swift */; };
		AEA5E15B1E076CD500D86049 /* Sort.swift in Sources */ = {isa = PBXBuildFile; fileRef = AEA5E15A1E076CD500D86049 /* Sort.swift */; };
		AEA5E15F1E0AD04F00D86049 /* WishlistViewController.swift in Sources */ = {isa = PBXBuildFile; fileRef = AEA5E15E1E0AD04F00D86049 /* WishlistViewController.swift */; };
		AEA5E1611E0AD1CA00D86049 /* VisitedViewController.swift in Sources */ = {isa = PBXBuildFile; fileRef = AEA5E1601E0AD1CA00D86049 /* VisitedViewController.swift */; };
		AECD096F1E0B22C70005E4E6 /* YelpBannerViewController.swift in Sources */ = {isa = PBXBuildFile; fileRef = AECD096E1E0B22C70005E4E6 /* YelpBannerViewController.swift */; };
		AECE3C061E0B6A98002CA0E4 /* AlertProtocol.swift in Sources */ = {isa = PBXBuildFile; fileRef = AECE3C051E0B6A98002CA0E4 /* AlertProtocol.swift */; };
		AECE3C081E0B77B4002CA0E4 /* ImageHelper.swift in Sources */ = {isa = PBXBuildFile; fileRef = AECE3C071E0B77B4002CA0E4 /* ImageHelper.swift */; };
		AEF08D091DFC6A58008A5F5B /* CoreDataTableViewController.swift in Sources */ = {isa = PBXBuildFile; fileRef = AEF08D081DFC6A58008A5F5B /* CoreDataTableViewController.swift */; };
		AEF0F1261E060BE500734255 /* RatingViewController.swift in Sources */ = {isa = PBXBuildFile; fileRef = AEF0F1251E060BE500734255 /* RatingViewController.swift */; };
/* End PBXBuildFile section */

/* Begin PBXFileReference section */
		AE2447581DE9F693001561F7 /* RestaurantListViewController.swift */ = {isa = PBXFileReference; fileEncoding = 4; lastKnownFileType = sourcecode.swift; path = RestaurantListViewController.swift; sourceTree = "<group>"; };
		AE24475A1DE9F71F001561F7 /* SearchViewController.swift */ = {isa = PBXFileReference; fileEncoding = 4; lastKnownFileType = sourcecode.swift; path = SearchViewController.swift; sourceTree = "<group>"; };
		AE24475C1DE9F98F001561F7 /* RestaurantSummaryCell.xib */ = {isa = PBXFileReference; fileEncoding = 4; lastKnownFileType = file.xib; name = RestaurantSummaryCell.xib; path = DeliciousNotes/RestaurantSummaryCell.xib; sourceTree = SOURCE_ROOT; };
		AE2447601DE9FEC1001561F7 /* yelp-2c.png */ = {isa = PBXFileReference; lastKnownFileType = image.png; path = "yelp-2c.png"; sourceTree = "<group>"; };
		AE2447641DEA048D001561F7 /* RestaurantSummaryTableViewCell.swift */ = {isa = PBXFileReference; fileEncoding = 4; lastKnownFileType = sourcecode.swift; path = RestaurantSummaryTableViewCell.swift; sourceTree = "<group>"; };
		AE24476D1DEA08A4001561F7 /* YelpInterface.swift */ = {isa = PBXFileReference; fileEncoding = 4; lastKnownFileType = sourcecode.swift; path = YelpInterface.swift; sourceTree = "<group>"; };
		AE24476F1DEA2A05001561F7 /* YelpCategory.swift */ = {isa = PBXFileReference; fileEncoding = 4; lastKnownFileType = sourcecode.swift; path = YelpCategory.swift; sourceTree = "<group>"; };
		AE9A79081E05D1FF00E9E4A5 /* RestaurantDetailsViewController.swift */ = {isa = PBXFileReference; fileEncoding = 4; lastKnownFileType = sourcecode.swift; path = RestaurantDetailsViewController.swift; sourceTree = "<group>"; };
		AE9A790A1E05D89D00E9E4A5 /* YelpRating.swift */ = {isa = PBXFileReference; fileEncoding = 4; lastKnownFileType = sourcecode.swift; path = YelpRating.swift; sourceTree = "<group>"; };
		AE9F04EC1E06103800DE6F1E /* UserRating.swift */ = {isa = PBXFileReference; fileEncoding = 4; lastKnownFileType = sourcecode.swift; path = UserRating.swift; sourceTree = "<group>"; };
		AE9FE6951DE2584900A74DD8 /* DeliciousNotes.app */ = {isa = PBXFileReference; explicitFileType = wrapper.application; includeInIndex = 0; path = DeliciousNotes.app; sourceTree = BUILT_PRODUCTS_DIR; };
		AE9FE6981DE2584900A74DD8 /* AppDelegate.swift */ = {isa = PBXFileReference; lastKnownFileType = sourcecode.swift; path = AppDelegate.swift; sourceTree = "<group>"; };
		AE9FE69D1DE2584900A74DD8 /* Base */ = {isa = PBXFileReference; lastKnownFileType = file.storyboard; name = Base; path = Base.lproj/Main.storyboard; sourceTree = "<group>"; };
		AE9FE69F1DE2584900A74DD8 /* Assets.xcassets */ = {isa = PBXFileReference; lastKnownFileType = folder.assetcatalog; path = Assets.xcassets; sourceTree = "<group>"; };
		AE9FE6A41DE2584900A74DD8 /* Info.plist */ = {isa = PBXFileReference; lastKnownFileType = text.plist.xml; path = Info.plist; sourceTree = "<group>"; };
		AE9FE6AA1DE2592000A74DD8 /* NetworkingProtocol.swift */ = {isa = PBXFileReference; fileEncoding = 4; lastKnownFileType = sourcecode.swift; name = NetworkingProtocol.swift; path = ../NetworkingProtocol.swift; sourceTree = "<group>"; };
		AE9FE6AC1DE25EBE00A74DD8 /* YelpService.swift */ = {isa = PBXFileReference; fileEncoding = 4; lastKnownFileType = sourcecode.swift; name = YelpService.swift; path = ../YelpService.swift; sourceTree = "<group>"; };
		AE9FE6B11DE26FA900A74DD8 /* ErrorEnum.swift */ = {isa = PBXFileReference; fileEncoding = 4; lastKnownFileType = sourcecode.swift; path = ErrorEnum.swift; sourceTree = "<group>"; };
		AE9FE6B31DE2724400A74DD8 /* YelpToken.swift */ = {isa = PBXFileReference; fileEncoding = 4; lastKnownFileType = sourcecode.swift; path = YelpToken.swift; sourceTree = "<group>"; };
		AE9FE6B51DE8BB4A00A74DD8 /* CoreDataStack.swift */ = {isa = PBXFileReference; fileEncoding = 4; lastKnownFileType = sourcecode.swift; path = CoreDataStack.swift; sourceTree = "<group>"; };
		AE9FE6B81DE8BBD900A74DD8 /* Model.xcdatamodel */ = {isa = PBXFileReference; lastKnownFileType = wrapper.xcdatamodel; path = Model.xcdatamodel; sourceTree = "<group>"; };
		AE9FE6BA1DE8C41D00A74DD8 /* Location.swift */ = {isa = PBXFileReference; fileEncoding = 4; lastKnownFileType = sourcecode.swift; path = Location.swift; sourceTree = "<group>"; };
		AE9FE6BC1DE8D09F00A74DD8 /* Category.swift */ = {isa = PBXFileReference; fileEncoding = 4; lastKnownFileType = sourcecode.swift; path = Category.swift; sourceTree = "<group>"; };
		AE9FE6BE1DE8D15D00A74DD8 /* Business.swift */ = {isa = PBXFileReference; fileEncoding = 4; lastKnownFileType = sourcecode.swift; path = Business.swift; sourceTree = "<group>"; };
		AEA5E15A1E076CD500D86049 /* Sort.swift */ = {isa = PBXFileReference; fileEncoding = 4; lastKnownFileType = sourcecode.swift; path = Sort.swift; sourceTree = "<group>"; };
		AEA5E15E1E0AD04F00D86049 /* WishlistViewController.swift */ = {isa = PBXFileReference; fileEncoding = 4; lastKnownFileType = sourcecode.swift; path = WishlistViewController.swift; sourceTree = "<group>"; };
		AEA5E1601E0AD1CA00D86049 /* VisitedViewController.swift */ = {isa = PBXFileReference; fileEncoding = 4; lastKnownFileType = sourcecode.swift; path = VisitedViewController.swift; sourceTree = "<group>"; };
		AECD096E1E0B22C70005E4E6 /* YelpBannerViewController.swift */ = {isa = PBXFileReference; fileEncoding = 4; lastKnownFileType = sourcecode.swift; path = YelpBannerViewController.swift; sourceTree = "<group>"; };
		AECE3C051E0B6A98002CA0E4 /* AlertProtocol.swift */ = {isa = PBXFileReference; fileEncoding = 4; lastKnownFileType = sourcecode.swift; path = AlertProtocol.swift; sourceTree = "<group>"; };
		AECE3C071E0B77B4002CA0E4 /* ImageHelper.swift */ = {isa = PBXFileReference; fileEncoding = 4; lastKnownFileType = sourcecode.swift; path = ImageHelper.swift; sourceTree = "<group>"; };
		AEF08D081DFC6A58008A5F5B /* CoreDataTableViewController.swift */ = {isa = PBXFileReference; fileEncoding = 4; lastKnownFileType = sourcecode.swift; path = CoreDataTableViewController.swift; sourceTree = "<group>"; };
		AEF0F1251E060BE500734255 /* RatingViewController.swift */ = {isa = PBXFileReference; fileEncoding = 4; lastKnownFileType = sourcecode.swift; path = RatingViewController.swift; sourceTree = "<group>"; };
/* End PBXFileReference section */

/* Begin PBXFrameworksBuildPhase section */
		AE9FE6921DE2584900A74DD8 /* Frameworks */ = {
			isa = PBXFrameworksBuildPhase;
			buildActionMask = 2147483647;
			files = (
			);
			runOnlyForDeploymentPostprocessing = 0;
		};
/* End PBXFrameworksBuildPhase section */

/* Begin PBXGroup section */
		AE2447681DEA0730001561F7 /* Model */ = {
			isa = PBXGroup;
			children = (
				AE9FE6B71DE8BBD900A74DD8 /* Model.xcdatamodeld */,
				AE9FE6BE1DE8D15D00A74DD8 /* Business.swift */,
				AE9FE6BA1DE8C41D00A74DD8 /* Location.swift */,
				AE9FE6BC1DE8D09F00A74DD8 /* Category.swift */,
				AE24476F1DEA2A05001561F7 /* YelpCategory.swift */,
				AE9FE6B51DE8BB4A00A74DD8 /* CoreDataStack.swift */,
			);
			name = Model;
			sourceTree = "<group>";
		};
		AE2447691DEA0753001561F7 /* Images */ = {
			isa = PBXGroup;
			children = (
				AE9FE69F1DE2584900A74DD8 /* Assets.xcassets */,
				AE2447601DE9FEC1001561F7 /* yelp-2c.png */,
			);
			name = Images;
			sourceTree = "<group>";
		};
		AE24476A1DEA0772001561F7 /* ViewControllers */ = {
			isa = PBXGroup;
			children = (
				AEF08D081DFC6A58008A5F5B /* CoreDataTableViewController.swift */,
				AE2447581DE9F693001561F7 /* RestaurantListViewController.swift */,
				AEA5E1601E0AD1CA00D86049 /* VisitedViewController.swift */,
				AEA5E15E1E0AD04F00D86049 /* WishlistViewController.swift */,
				AE24475A1DE9F71F001561F7 /* SearchViewController.swift */,
				AECD096E1E0B22C70005E4E6 /* YelpBannerViewController.swift */,
				AE9A79081E05D1FF00E9E4A5 /* RestaurantDetailsViewController.swift */,
				AEF0F1251E060BE500734255 /* RatingViewController.swift */,
			);
			name = ViewControllers;
			sourceTree = "<group>";
		};
		AE24476B1DEA077C001561F7 /* Views */ = {
			isa = PBXGroup;
			children = (
				AE24475C1DE9F98F001561F7 /* RestaurantSummaryCell.xib */,
				AE2447641DEA048D001561F7 /* RestaurantSummaryTableViewCell.swift */,
			);
			name = Views;
			sourceTree = "<group>";
		};
		AE24476C1DEA078C001561F7 /* Supporting Files */ = {
			isa = PBXGroup;
			children = (
				AE9FE6A41DE2584900A74DD8 /* Info.plist */,
			);
			name = "Supporting Files";
			sourceTree = "<group>";
		};
		AE9FE68C1DE2584900A74DD8 = {
			isa = PBXGroup;
			children = (
				AE9FE6971DE2584900A74DD8 /* DeliciousNotes */,
				AE9FE6961DE2584900A74DD8 /* Products */,
			);
			sourceTree = "<group>";
		};
		AE9FE6961DE2584900A74DD8 /* Products */ = {
			isa = PBXGroup;
			children = (
				AE9FE6951DE2584900A74DD8 /* DeliciousNotes.app */,
			);
			name = Products;
			sourceTree = "<group>";
		};
		AE9FE6971DE2584900A74DD8 /* DeliciousNotes */ = {
			isa = PBXGroup;
			children = (
				AE2447681DEA0730001561F7 /* Model */,
				AE9FE6AE1DE2654A00A74DD8 /* Networking */,
				AE2447691DEA0753001561F7 /* Images */,
				AEA5E1621E0AD4A800D86049 /* RatingHelpers */,
				AE24476B1DEA077C001561F7 /* Views */,
				AE24476A1DEA0772001561F7 /* ViewControllers */,
				AE9FE6981DE2584900A74DD8 /* AppDelegate.swift */,
				AEA5E15A1E076CD500D86049 /* Sort.swift */,
				AECE3C051E0B6A98002CA0E4 /* AlertProtocol.swift */,
				AECE3C071E0B77B4002CA0E4 /* ImageHelper.swift */,
				AE9FE69C1DE2584900A74DD8 /* Main.storyboard */,
				AE24476C1DEA078C001561F7 /* Supporting Files */,
			);
			path = DeliciousNotes;
			sourceTree = "<group>";
		};
		AE9FE6AE1DE2654A00A74DD8 /* Networking */ = {
			isa = PBXGroup;
			children = (
				AE9FE6B11DE26FA900A74DD8 /* ErrorEnum.swift */,
				AE9FE6AA1DE2592000A74DD8 /* NetworkingProtocol.swift */,
				AE9FE6B31DE2724400A74DD8 /* YelpToken.swift */,
				AE9FE6AC1DE25EBE00A74DD8 /* YelpService.swift */,
				AE24476D1DEA08A4001561F7 /* YelpInterface.swift */,
			);
			name = Networking;
			sourceTree = "<group>";
		};
		AEA5E1621E0AD4A800D86049 /* RatingHelpers */ = {
			isa = PBXGroup;
			children = (
				AE9A790A1E05D89D00E9E4A5 /* YelpRating.swift */,
				AE9F04EC1E06103800DE6F1E /* UserRating.swift */,
			);
			name = RatingHelpers;
			sourceTree = "<group>";
		};
/* End PBXGroup section */

/* Begin PBXNativeTarget section */
		AE9FE6941DE2584900A74DD8 /* DeliciousNotes */ = {
			isa = PBXNativeTarget;
			buildConfigurationList = AE9FE6A71DE2584900A74DD8 /* Build configuration list for PBXNativeTarget "DeliciousNotes" */;
			buildPhases = (
				AE9FE6911DE2584900A74DD8 /* Sources */,
				AE9FE6921DE2584900A74DD8 /* Frameworks */,
				AE9FE6931DE2584900A74DD8 /* Resources */,
			);
			buildRules = (
			);
			dependencies = (
			);
			name = DeliciousNotes;
			productName = DeliciousNotes;
			productReference = AE9FE6951DE2584900A74DD8 /* DeliciousNotes.app */;
			productType = "com.apple.product-type.application";
		};
/* End PBXNativeTarget section */

/* Begin PBXProject section */
		AE9FE68D1DE2584900A74DD8 /* Project object */ = {
			isa = PBXProject;
			attributes = {
				LastSwiftUpdateCheck = 0810;
				LastUpgradeCheck = 0820;
				ORGANIZATIONNAME = Appogenic;
				TargetAttributes = {
					AE9FE6941DE2584900A74DD8 = {
						CreatedOnToolsVersion = 8.1;
						DevelopmentTeam = ZEE8KAFFYS;
						ProvisioningStyle = Automatic;
					};
				};
			};
			buildConfigurationList = AE9FE6901DE2584900A74DD8 /* Build configuration list for PBXProject "DeliciousNotes" */;
			compatibilityVersion = "Xcode 3.2";
			developmentRegion = English;
			hasScannedForEncodings = 0;
			knownRegions = (
				en,
				Base,
			);
			mainGroup = AE9FE68C1DE2584900A74DD8;
			productRefGroup = AE9FE6961DE2584900A74DD8 /* Products */;
			projectDirPath = "";
			projectRoot = "";
			targets = (
				AE9FE6941DE2584900A74DD8 /* DeliciousNotes */,
			);
		};
/* End PBXProject section */

/* Begin PBXResourcesBuildPhase section */
		AE9FE6931DE2584900A74DD8 /* Resources */ = {
			isa = PBXResourcesBuildPhase;
			buildActionMask = 2147483647;
			files = (
				AE2447611DE9FEC1001561F7 /* yelp-2c.png in Resources */,
				AE24475D1DE9F98F001561F7 /* RestaurantSummaryCell.xib in Resources */,
				AE9FE6A01DE2584900A74DD8 /* Assets.xcassets in Resources */,
				AE9FE69E1DE2584900A74DD8 /* Main.storyboard in Resources */,
			);
			runOnlyForDeploymentPostprocessing = 0;
		};
/* End PBXResourcesBuildPhase section */

/* Begin PBXSourcesBuildPhase section */
		AE9FE6911DE2584900A74DD8 /* Sources */ = {
			isa = PBXSourcesBuildPhase;
			buildActionMask = 2147483647;
			files = (
				AE2447651DEA048D001561F7 /* RestaurantSummaryTableViewCell.swift in Sources */,
				AE9FE6B41DE2724400A74DD8 /* YelpToken.swift in Sources */,
				AE9A79091E05D1FF00E9E4A5 /* RestaurantDetailsViewController.swift in Sources */,
				AE9FE6AB1DE2592000A74DD8 /* NetworkingProtocol.swift in Sources */,
				AE9FE6BB1DE8C41D00A74DD8 /* Location.swift in Sources */,
				AE2447591DE9F693001561F7 /* RestaurantListViewController.swift in Sources */,
				AEF0F1261E060BE500734255 /* RatingViewController.swift in Sources */,
				AE2447701DEA2A05001561F7 /* YelpCategory.swift in Sources */,
				AECD096F1E0B22C70005E4E6 /* YelpBannerViewController.swift in Sources */,
				AECE3C061E0B6A98002CA0E4 /* AlertProtocol.swift in Sources */,
				AE9F04ED1E06103800DE6F1E /* UserRating.swift in Sources */,
				AE9FE6991DE2584900A74DD8 /* AppDelegate.swift in Sources */,
				AE9FE6B91DE8BBD900A74DD8 /* Model.xcdatamodeld in Sources */,
				AE24475B1DE9F71F001561F7 /* SearchViewController.swift in Sources */,
				AE9FE6AD1DE25EBE00A74DD8 /* YelpService.swift in Sources */,
				AEF08D091DFC6A58008A5F5B /* CoreDataTableViewController.swift in Sources */,
				AE9A790B1E05D89D00E9E4A5 /* YelpRating.swift in Sources */,
				AE24476E1DEA08A4001561F7 /* YelpInterface.swift in Sources */,
				AE9FE6B21DE26FA900A74DD8 /* ErrorEnum.swift in Sources */,
				AEA5E15B1E076CD500D86049 /* Sort.swift in Sources */,
				AE9FE6BF1DE8D15D00A74DD8 /* Business.swift in Sources */,
				AECE3C081E0B77B4002CA0E4 /* ImageHelper.swift in Sources */,
				AE9FE6B61DE8BB4A00A74DD8 /* CoreDataStack.swift in Sources */,
				AEA5E1611E0AD1CA00D86049 /* VisitedViewController.swift in Sources */,
				AE9FE6BD1DE8D09F00A74DD8 /* Category.swift in Sources */,
				AEA5E15F1E0AD04F00D86049 /* WishlistViewController.swift in Sources */,
			);
			runOnlyForDeploymentPostprocessing = 0;
		};
/* End PBXSourcesBuildPhase section */

/* Begin PBXVariantGroup section */
		AE9FE69C1DE2584900A74DD8 /* Main.storyboard */ = {
			isa = PBXVariantGroup;
			children = (
				AE9FE69D1DE2584900A74DD8 /* Base */,
			);
			name = Main.storyboard;
			sourceTree = "<group>";
		};
/* End PBXVariantGroup section */

/* Begin XCBuildConfiguration section */
		AE9FE6A51DE2584900A74DD8 /* Debug */ = {
			isa = XCBuildConfiguration;
			buildSettings = {
				ALWAYS_SEARCH_USER_PATHS = NO;
				CLANG_ANALYZER_NONNULL = YES;
				CLANG_CXX_LANGUAGE_STANDARD = "gnu++0x";
				CLANG_CXX_LIBRARY = "libc++";
				CLANG_ENABLE_MODULES = YES;
				CLANG_ENABLE_OBJC_ARC = YES;
				CLANG_WARN_BOOL_CONVERSION = YES;
				CLANG_WARN_CONSTANT_CONVERSION = YES;
				CLANG_WARN_DIRECT_OBJC_ISA_USAGE = YES_ERROR;
				CLANG_WARN_DOCUMENTATION_COMMENTS = YES;
				CLANG_WARN_EMPTY_BODY = YES;
				CLANG_WARN_ENUM_CONVERSION = YES;
				CLANG_WARN_INFINITE_RECURSION = YES;
				CLANG_WARN_INT_CONVERSION = YES;
				CLANG_WARN_OBJC_ROOT_CLASS = YES_ERROR;
				CLANG_WARN_SUSPICIOUS_MOVE = YES;
				CLANG_WARN_SUSPICIOUS_MOVES = YES;
				CLANG_WARN_UNREACHABLE_CODE = YES;
				CLANG_WARN__DUPLICATE_METHOD_MATCH = YES;
				"CODE_SIGN_IDENTITY[sdk=iphoneos*]" = "iPhone Developer";
				COPY_PHASE_STRIP = NO;
				DEBUG_INFORMATION_FORMAT = dwarf;
				ENABLE_STRICT_OBJC_MSGSEND = YES;
				ENABLE_TESTABILITY = YES;
				GCC_C_LANGUAGE_STANDARD = gnu99;
				GCC_DYNAMIC_NO_PIC = NO;
				GCC_NO_COMMON_BLOCKS = YES;
				GCC_OPTIMIZATION_LEVEL = 0;
				GCC_PREPROCESSOR_DEFINITIONS = (
					"DEBUG=1",
					"$(inherited)",
				);
				GCC_WARN_64_TO_32_BIT_CONVERSION = YES;
				GCC_WARN_ABOUT_RETURN_TYPE = YES_ERROR;
				GCC_WARN_UNDECLARED_SELECTOR = YES;
				GCC_WARN_UNINITIALIZED_AUTOS = YES_AGGRESSIVE;
				GCC_WARN_UNUSED_FUNCTION = YES;
				GCC_WARN_UNUSED_VARIABLE = YES;
				IPHONEOS_DEPLOYMENT_TARGET = 10.1;
				MTL_ENABLE_DEBUG_INFO = YES;
				ONLY_ACTIVE_ARCH = YES;
				SDKROOT = iphoneos;
				SWIFT_ACTIVE_COMPILATION_CONDITIONS = DEBUG;
				SWIFT_OPTIMIZATION_LEVEL = "-Onone";
			};
			name = Debug;
		};
		AE9FE6A61DE2584900A74DD8 /* Release */ = {
			isa = XCBuildConfiguration;
			buildSettings = {
				ALWAYS_SEARCH_USER_PATHS = NO;
				CLANG_ANALYZER_NONNULL = YES;
				CLANG_CXX_LANGUAGE_STANDARD = "gnu++0x";
				CLANG_CXX_LIBRARY = "libc++";
				CLANG_ENABLE_MODULES = YES;
				CLANG_ENABLE_OBJC_ARC = YES;
				CLANG_WARN_BOOL_CONVERSION = YES;
				CLANG_WARN_CONSTANT_CONVERSION = YES;
				CLANG_WARN_DIRECT_OBJC_ISA_USAGE = YES_ERROR;
				CLANG_WARN_DOCUMENTATION_COMMENTS = YES;
				CLANG_WARN_EMPTY_BODY = YES;
				CLANG_WARN_ENUM_CONVERSION = YES;
				CLANG_WARN_INFINITE_RECURSION = YES;
				CLANG_WARN_INT_CONVERSION = YES;
				CLANG_WARN_OBJC_ROOT_CLASS = YES_ERROR;
				CLANG_WARN_SUSPICIOUS_MOVE = YES;
				CLANG_WARN_SUSPICIOUS_MOVES = YES;
				CLANG_WARN_UNREACHABLE_CODE = YES;
				CLANG_WARN__DUPLICATE_METHOD_MATCH = YES;
				"CODE_SIGN_IDENTITY[sdk=iphoneos*]" = "iPhone Developer";
				COPY_PHASE_STRIP = NO;
				DEBUG_INFORMATION_FORMAT = "dwarf-with-dsym";
				ENABLE_NS_ASSERTIONS = NO;
				ENABLE_STRICT_OBJC_MSGSEND = YES;
				GCC_C_LANGUAGE_STANDARD = gnu99;
				GCC_NO_COMMON_BLOCKS = YES;
				GCC_WARN_64_TO_32_BIT_CONVERSION = YES;
				GCC_WARN_ABOUT_RETURN_TYPE = YES_ERROR;
				GCC_WARN_UNDECLARED_SELECTOR = YES;
				GCC_WARN_UNINITIALIZED_AUTOS = YES_AGGRESSIVE;
				GCC_WARN_UNUSED_FUNCTION = YES;
				GCC_WARN_UNUSED_VARIABLE = YES;
				IPHONEOS_DEPLOYMENT_TARGET = 10.1;
				MTL_ENABLE_DEBUG_INFO = NO;
				SDKROOT = iphoneos;
				SWIFT_OPTIMIZATION_LEVEL = "-Owholemodule";
				VALIDATE_PRODUCT = YES;
			};
			name = Release;
		};
		AE9FE6A81DE2584900A74DD8 /* Debug */ = {
			isa = XCBuildConfiguration;
			buildSettings = {
				ASSETCATALOG_COMPILER_APPICON_NAME = AppIcon;
				DEVELOPMENT_TEAM = ZEE8KAFFYS;
				INFOPLIST_FILE = DeliciousNotes/Info.plist;
				LD_RUNPATH_SEARCH_PATHS = "$(inherited) @executable_path/Frameworks";
				PRODUCT_BUNDLE_IDENTIFIER = com.Appogenic.DeliciousNotes;
				PRODUCT_NAME = "$(TARGET_NAME)";
				SWIFT_VERSION = 3.0;
			};
			name = Debug;
		};
		AE9FE6A91DE2584900A74DD8 /* Release */ = {
			isa = XCBuildConfiguration;
			buildSettings = {
				ASSETCATALOG_COMPILER_APPICON_NAME = AppIcon;
				DEVELOPMENT_TEAM = ZEE8KAFFYS;
				INFOPLIST_FILE = DeliciousNotes/Info.plist;
				LD_RUNPATH_SEARCH_PATHS = "$(inherited) @executable_path/Frameworks";
				PRODUCT_BUNDLE_IDENTIFIER = com.Appogenic.DeliciousNotes;
				PRODUCT_NAME = "$(TARGET_NAME)";
				SWIFT_VERSION = 3.0;
			};
			name = Release;
		};
/* End XCBuildConfiguration section */

/* Begin XCConfigurationList section */
		AE9FE6901DE2584900A74DD8 /* Build configuration list for PBXProject "DeliciousNotes" */ = {
			isa = XCConfigurationList;
			buildConfigurations = (
				AE9FE6A51DE2584900A74DD8 /* Debug */,
				AE9FE6A61DE2584900A74DD8 /* Release */,
			);
			defaultConfigurationIsVisible = 0;
			defaultConfigurationName = Release;
		};
		AE9FE6A71DE2584900A74DD8 /* Build configuration list for PBXNativeTarget "DeliciousNotes" */ = {
			isa = XCConfigurationList;
			buildConfigurations = (
				AE9FE6A81DE2584900A74DD8 /* Debug */,
				AE9FE6A91DE2584900A74DD8 /* Release */,
			);
			defaultConfigurationIsVisible = 0;
			defaultConfigurationName = Release;
		};
/* End XCConfigurationList section */

/* Begin XCVersionGroup section */
		AE9FE6B71DE8BBD900A74DD8 /* Model.xcdatamodeld */ = {
			isa = XCVersionGroup;
			children = (
				AE9FE6B81DE8BBD900A74DD8 /* Model.xcdatamodel */,
			);
			currentVersion = AE9FE6B81DE8BBD900A74DD8 /* Model.xcdatamodel */;
			path = Model.xcdatamodeld;
			sourceTree = "<group>";
			versionGroupType = wrapper.xcdatamodel;
		};
/* End XCVersionGroup section */
	};
	rootObject = AE9FE68D1DE2584900A74DD8 /* Project object */;
}
